
Microsoft Visual Studio Solution File, Format Version 12.00
# Visual Studio Version 16
VisualStudioVersion = 16.0.30804.86
MinimumVisualStudioVersion = 10.0.40219.1
Project("{9A19103F-16F7-4668-BE54-9A1E7A4F7556}") = "Mobiroller.Core", "Mobiroller.Core\Mobiroller.Core.csproj", "{EA03EF47-E224-4391-B545-83BEA5251A7D}"
EndProject
Project("{9A19103F-16F7-4668-BE54-9A1E7A4F7556}") = "Mobiroller.Entities", "Mobiroller.Entities\Mobiroller.Entities.csproj", "{E9C0D949-8B9B-4116-8002-EDFF8718F063}"
EndProject
Project("{9A19103F-16F7-4668-BE54-9A1E7A4F7556}") = "Mobiroller.Data", "Mobiroller.Data\Mobiroller.Data.csproj", "{F0CE63D2-B9CA-45D2-896B-277E898EE6CB}"
EndProject
Project("{9A19103F-16F7-4668-BE54-9A1E7A4F7556}") = "Mobiroller.Business", "Mobiroller.Business\Mobiroller.Business.csproj", "{5C995BC7-D4CD-41BD-8EBD-F194EDE81C8A}"
EndProject
Project("{FAE04EC0-301F-11D3-BF4B-00C04F79EFBC}") = "Mobiroller.API", "Mobiroller.API\Mobiroller.API.csproj", "{6F37FC8D-E2AC-48A8-9C9F-CA64568EEDEA}"
EndProject
Global
	GlobalSection(SolutionConfigurationPlatforms) = preSolution
		Debug|Any CPU = Debug|Any CPU
		Release|Any CPU = Release|Any CPU
	EndGlobalSection
	GlobalSection(ProjectConfigurationPlatforms) = postSolution
		{EA03EF47-E224-4391-B545-83BEA5251A7D}.Debug|Any CPU.ActiveCfg = Debug|Any CPU
		{EA03EF47-E224-4391-B545-83BEA5251A7D}.Debug|Any CPU.Build.0 = Debug|Any CPU
		{EA03EF47-E224-4391-B545-83BEA5251A7D}.Release|Any CPU.ActiveCfg = Release|Any CPU
		{EA03EF47-E224-4391-B545-83BEA5251A7D}.Release|Any CPU.Build.0 = Release|Any CPU
		{E9C0D949-8B9B-4116-8002-EDFF8718F063}.Debug|Any CPU.ActiveCfg = Debug|Any CPU
		{E9C0D949-8B9B-4116-8002-EDFF8718F063}.Debug|Any CPU.Build.0 = Debug|Any CPU
		{E9C0D949-8B9B-4116-8002-EDFF8718F063}.Release|Any CPU.ActiveCfg = Release|Any CPU
		{E9C0D949-8B9B-4116-8002-EDFF8718F063}.Release|Any CPU.Build.0 = Release|Any CPU
		{F0CE63D2-B9CA-45D2-896B-277E898EE6CB}.Debug|Any CPU.ActiveCfg = Debug|Any CPU
		{F0CE63D2-B9CA-45D2-896B-277E898EE6CB}.Debug|Any CPU.Build.0 = Debug|Any CPU
		{F0CE63D2-B9CA-45D2-896B-277E898EE6CB}.Release|Any CPU.ActiveCfg = Release|Any CPU
		{F0CE63D2-B9CA-45D2-896B-277E898EE6CB}.Release|Any CPU.Build.0 = Release|Any CPU
		{5C995BC7-D4CD-41BD-8EBD-F194EDE81C8A}.Debug|Any CPU.ActiveCfg = Debug|Any CPU
		{5C995BC7-D4CD-41BD-8EBD-F194EDE81C8A}.Debug|Any CPU.Build.0 = Debug|Any CPU
		{5C995BC7-D4CD-41BD-8EBD-F194EDE81C8A}.Release|Any CPU.ActiveCfg = Release|Any CPU
		{5C995BC7-D4CD-41BD-8EBD-F194EDE81C8A}.Release|Any CPU.Build.0 = Release|Any CPU
		{6F37FC8D-E2AC-48A8-9C9F-CA64568EEDEA}.Debug|Any CPU.ActiveCfg = Debug|Any CPU
		{6F37FC8D-E2AC-48A8-9C9F-CA64568EEDEA}.Debug|Any CPU.Build.0 = Debug|Any CPU
		{6F37FC8D-E2AC-48A8-9C9F-CA64568EEDEA}.Release|Any CPU.ActiveCfg = Release|Any CPU
		{6F37FC8D-E2AC-48A8-9C9F-CA64568EEDEA}.Release|Any CPU.Build.0 = Release|Any CPU
	EndGlobalSection
	GlobalSection(SolutionProperties) = preSolution
		HideSolutionNode = FALSE
	EndGlobalSection
	GlobalSection(ExtensibilityGlobals) = postSolution
		SolutionGuid = {26FBFF5D-94D0-45A8-B008-DC8A291ED016}
	EndGlobalSection
EndGlobal
